// !$*UTF8*$!
{
	archiveVersion = 1;
	classes = {
	};
	objectVersion = 50;
	objects = {

/* Begin PBXBuildFile section */
		6D869D56254E5B8500DB8B9B /* AppDelegate.swift in Sources */ = {isa = PBXBuildFile; fileRef = 6D869D55254E5B8500DB8B9B /* AppDelegate.swift */; };
		6D869D58254E5B8500DB8B9B /* SceneDelegate.swift in Sources */ = {isa = PBXBuildFile; fileRef = 6D869D57254E5B8500DB8B9B /* SceneDelegate.swift */; };
		6D869D5A254E5B8500DB8B9B /* ViewController.swift in Sources */ = {isa = PBXBuildFile; fileRef = 6D869D59254E5B8500DB8B9B /* ViewController.swift */; };
		6D869D5D254E5B8500DB8B9B /* Main.storyboard in Resources */ = {isa = PBXBuildFile; fileRef = 6D869D5B254E5B8500DB8B9B /* Main.storyboard */; };
		6D869D5F254E5B8600DB8B9B /* Assets.xcassets in Resources */ = {isa = PBXBuildFile; fileRef = 6D869D5E254E5B8600DB8B9B /* Assets.xcassets */; };
		6D869D62254E5B8600DB8B9B /* LaunchScreen.storyboard in Resources */ = {isa = PBXBuildFile; fileRef = 6D869D60254E5B8600DB8B9B /* LaunchScreen.storyboard */; };
/* End PBXBuildFile section */

/* Begin PBXFileReference section */
		6D869D52254E5B8400DB8B9B /* SecondKadaiAPP.app */ = {isa = PBXFileReference; explicitFileType = wrapper.application; includeInIndex = 0; path = SecondKadaiAPP.app; sourceTree = BUILT_PRODUCTS_DIR; };
		6D869D55254E5B8500DB8B9B /* AppDelegate.swift */ = {isa = PBXFileReference; lastKnownFileType = sourcecode.swift; path = AppDelegate.swift; sourceTree = "<group>"; };
		6D869D57254E5B8500DB8B9B /* SceneDelegate.swift */ = {isa = PBXFileReference; lastKnownFileType = sourcecode.swift; path = SceneDelegate.swift; sourceTree = "<group>"; };
		6D869D59254E5B8500DB8B9B /* ViewController.swift */ = {isa = PBXFileReference; lastKnownFileType = sourcecode.swift; path = ViewController.swift; sourceTree = "<group>"; };
		6D869D5C254E5B8500DB8B9B /* Base */ = {isa = PBXFileReference; lastKnownFileType = file.storyboard; name = Base; path = Base.lproj/Main.storyboard; sourceTree = "<group>"; };
		6D869D5E254E5B8600DB8B9B /* Assets.xcassets */ = {isa = PBXFileReference; lastKnownFileType = folder.assetcatalog; path = Assets.xcassets; sourceTree = "<group>"; };
		6D869D61254E5B8600DB8B9B /* Base */ = {isa = PBXFileReference; lastKnownFileType = file.storyboard; name = Base; path = Base.lproj/LaunchScreen.storyboard; sourceTree = "<group>"; };
		6D869D63254E5B8600DB8B9B /* Info.plist */ = {isa = PBXFileReference; lastKnownFileType = text.plist.xml; path = Info.plist; sourceTree = "<group>"; };
/* End PBXFileReference section */

/* Begin PBXFrameworksBuildPhase section */
		6D869D4F254E5B8400DB8B9B /* Frameworks */ = {
			isa = PBXFrameworksBuildPhase;
			buildActionMask = 2147483647;
			files = (
			);
			runOnlyForDeploymentPostprocessing = 0;
		};
/* End PBXFrameworksBuildPhase section */

/* Begin PBXGroup section */
		6D869D49254E5B8400DB8B9B = {
			isa = PBXGroup;
			children = (
				6D869D54254E5B8400DB8B9B /* SecondKadaiAPP */,
				6D869D53254E5B8400DB8B9B /* Products */,
			);
			sourceTree = "<group>";
		};
		6D869D53254E5B8400DB8B9B /* Products */ = {
			isa = PBXGroup;
			children = (
				6D869D52254E5B8400DB8B9B /* SecondKadaiAPP.app */,
			);
			name = Products;
			sourceTree = "<group>";
		};
		6D869D54254E5B8400DB8B9B /* SecondKadaiAPP */ = {
			isa = PBXGroup;
			children = (
				6D869D55254E5B8500DB8B9B /* AppDelegate.swift */,
				6D869D57254E5B8500DB8B9B /* SceneDelegate.swift */,
				6D869D59254E5B8500DB8B9B /* ViewController.swift */,
				6D869D5B254E5B8500DB8B9B /* Main.storyboard */,
				6D869D5E254E5B8600DB8B9B /* Assets.xcassets */,
				6D869D60254E5B8600DB8B9B /* LaunchScreen.storyboard */,
				6D869D63254E5B8600DB8B9B /* Info.plist */,
			);
			path = SecondKadaiAPP;
			sourceTree = "<group>";
		};
/* End PBXGroup section */

/* Begin PBXNativeTarget section */
		6D869D51254E5B8400DB8B9B /* SecondKadaiAPP */ = {
			isa = PBXNativeTarget;
			buildConfigurationList = 6D869D66254E5B8600DB8B9B /* Build configuration list for PBXNativeTarget "SecondKadaiAPP" */;
			buildPhases = (
				6D869D4E254E5B8400DB8B9B /* Sources */,
				6D869D4F254E5B8400DB8B9B /* Frameworks */,
				6D869D50254E5B8400DB8B9B /* Resources */,
			);
			buildRules = (
			);
			dependencies = (
			);
			name = SecondKadaiAPP;
			productName = SecondKadaiAPP;
			productReference = 6D869D52254E5B8400DB8B9B /* SecondKadaiAPP.app */;
			productType = "com.apple.product-type.application";
		};
/* End PBXNativeTarget section */

/* Begin PBXProject section */
		6D869D4A254E5B8400DB8B9B /* Project object */ = {
			isa = PBXProject;
			attributes = {
				LastSwiftUpdateCheck = 1150;
				LastUpgradeCheck = 1150;
				ORGANIZATIONNAME = yasushi.iwata;
				TargetAttributes = {
					6D869D51254E5B8400DB8B9B = {
						CreatedOnToolsVersion = 11.5;
					};
				};
			};
			buildConfigurationList = 6D869D4D254E5B8400DB8B9B /* Build configuration list for PBXProject "SecondKadaiAPP" */;
			compatibilityVersion = "Xcode 9.3";
			developmentRegion = en;
			hasScannedForEncodings = 0;
			knownRegions = (
				en,
				Base,
			);
			mainGroup = 6D869D49254E5B8400DB8B9B;
			productRefGroup = 6D869D53254E5B8400DB8B9B /* Products */;
			projectDirPath = "";
			projectRoot = "";
			targets = (
				6D869D51254E5B8400DB8B9B /* SecondKadaiAPP */,
			);
		};
/* End PBXProject section */

/* Begin PBXResourcesBuildPhase section */
		6D869D50254E5B8400DB8B9B /* Resources */ = {
			isa = PBXResourcesBuildPhase;
			buildActionMask = 2147483647;
			files = (
				6D869D62254E5B8600DB8B9B /* LaunchScreen.storyboard in Resources */,
				6D869D5F254E5B8600DB8B9B /* Assets.xcassets in Resources */,
				6D869D5D254E5B8500DB8B9B /* Main.storyboard in Resources */,
			);
			runOnlyForDeploymentPostprocessing = 0;
		};
/* End PBXResourcesBuildPhase section */

/* Begin PBXSourcesBuildPhase section */
		6D869D4E254E5B8400DB8B9B /* Sources */ = {
			isa = PBXSourcesBuildPhase;
			buildActionMask = 2147483647;
			files = (
				6D869D5A254E5B8500DB8B9B /* ViewController.swift in Sources */,
				6D869D56254E5B8500DB8B9B /* AppDelegate.swift in Sources */,
				6D869D58254E5B8500DB8B9B /* SceneDelegate.swift in Sources */,
			);
			runOnlyForDeploymentPostprocessing = 0;
		};
/* End PBXSourcesBuildPhase section */

/* Begin PBXVariantGroup section */
		6D869D5B254E5B8500DB8B9B /* Main.storyboard */ = {
			isa = PBXVariantGroup;
			children = (
				6D869D5C254E5B8500DB8B9B /* Base */,
			);
			name = Main.storyboard;
			sourceTree = "<group>";
		};
		6D869D60254E5B8600DB8B9B /* LaunchScreen.storyboard */ = {
			isa = PBXVariantGroup;
			children = (
				6D869D61254E5B8600DB8B9B /* Base */,
			);
			name = LaunchScreen.storyboard;
			sourceTree = "<group>";
		};
/* End PBXVariantGroup section */

/* Begin XCBuildConfiguration section */
		6D869D64254E5B8600DB8B9B /* Debug */ = {
			isa = XCBuildConfiguration;
			buildSettings = {
				ALWAYS_SEARCH_USER_PATHS = NO;
				CLANG_ANALYZER_NONNULL = YES;
				CLANG_ANALYZER_NUMBER_OBJECT_CONVERSION = YES_AGGRESSIVE;
				CLANG_CXX_LANGUAGE_STANDARD = "gnu++14";
				CLANG_CXX_LIBRARY = "libc++";
				CLANG_ENABLE_MODULES = YES;
				CLANG_ENABLE_OBJC_ARC = YES;
				CLANG_ENABLE_OBJC_WEAK = YES;
				CLANG_WARN_BLOCK_CAPTURE_AUTORELEASING = YES;
				CLANG_WARN_BOOL_CONVERSION = YES;
				CLANG_WARN_COMMA = YES;
				CLANG_WARN_CONSTANT_CONVERSION = YES;
				CLANG_WARN_DEPRECATED_OBJC_IMPLEMENTATIONS = YES;
				CLANG_WARN_DIRECT_OBJC_ISA_USAGE = YES_ERROR;
				CLANG_WARN_DOCUMENTATION_COMMENTS = YES;
				CLANG_WARN_EMPTY_BODY = YES;
				CLANG_WARN_ENUM_CONVERSION = YES;
				CLANG_WARN_INFINITE_RECURSION = YES;
				CLANG_WARN_INT_CONVERSION = YES;
				CLANG_WARN_NON_LITERAL_NULL_CONVERSION = YES;
				CLANG_WARN_OBJC_IMPLICIT_RETAIN_SELF = YES;
				CLANG_WARN_OBJC_LITERAL_CONVERSION = YES;
				CLANG_WARN_OBJC_ROOT_CLASS = YES_ERROR;
				CLANG_WARN_RANGE_LOOP_ANALYSIS = YES;
				CLANG_WARN_STRICT_PROTOTYPES = YES;
				CLANG_WARN_SUSPICIOUS_MOVE = YES;
				CLANG_WARN_UNGUARDED_AVAILABILITY = YES_AGGRESSIVE;
				CLANG_WARN_UNREACHABLE_CODE = YES;
				CLANG_WARN__DUPLICATE_METHOD_MATCH = YES;
				COPY_PHASE_STRIP = NO;
				DEBUG_INFORMATION_FORMAT = dwarf;
				ENABLE_STRICT_OBJC_MSGSEND = YES;
				ENABLE_TESTABILITY = YES;
				GCC_C_LANGUAGE_STANDARD = gnu11;
				GCC_DYNAMIC_NO_PIC = NO;
				GCC_NO_COMMON_BLOCKS = YES;
				GCC_OPTIMIZATION_LEVEL = 0;
				GCC_PREPROCESSOR_DEFINITIONS = (
					"DEBUG=1",
					"$(inherited)",
				);
				GCC_WARN_64_TO_32_BIT_CONVERSION = YES;
				GCC_WARN_ABOUT_RETURN_TYPE = YES_ERROR;
				GCC_WARN_UNDECLARED_SELECTOR = YES;
				GCC_WARN_UNINITIALIZED_AUTOS = YES_AGGRESSIVE;
				GCC_WARN_UNUSED_FUNCTION = YES;
				GCC_WARN_UNUSED_VARIABLE = YES;
				IPHONEOS_DEPLOYMENT_TARGET = 13.5;
				MTL_ENABLE_DEBUG_INFO = INCLUDE_SOURCE;
				MTL_FAST_MATH = YES;
				ONLY_ACTIVE_ARCH = YES;
				SDKROOT = iphoneos;
				SWIFT_ACTIVE_COMPILATION_CONDITIONS = DEBUG;
				SWIFT_OPTIMIZATION_LEVEL = "-Onone";
			};
			name = Debug;
		};
		6D869D65254E5B8600DB8B9B /* Release */ = {
			isa = XCBuildConfiguration;
			buildSettings = {
				ALWAYS_SEARCH_USER_PATHS = NO;
				CLANG_ANALYZER_NONNULL = YES;
				CLANG_ANALYZER_NUMBER_OBJECT_CONVERSION = YES_AGGRESSIVE;
				CLANG_CXX_LANGUAGE_STANDARD = "gnu++14";
				CLANG_CXX_LIBRARY = "libc++";
				CLANG_ENABLE_MODULES = YES;
				CLANG_ENABLE_OBJC_ARC = YES;
				CLANG_ENABLE_OBJC_WEAK = YES;
				CLANG_WARN_BLOCK_CAPTURE_AUTORELEASING = YES;
				CLANG_WARN_BOOL_CONVERSION = YES;
				CLANG_WARN_COMMA = YES;
				CLANG_WARN_CONSTANT_CONVERSION = YES;
				CLANG_WARN_DEPRECATED_OBJC_IMPLEMENTATIONS = YES;
				CLANG_WARN_DIRECT_OBJC_ISA_USAGE = YES_ERROR;
				CLANG_WARN_DOCUMENTATION_COMMENTS = YES;
				CLANG_WARN_EMPTY_BODY = YES;
				CLANG_WARN_ENUM_CONVERSION = YES;
				CLANG_WARN_INFINITE_RECURSION = YES;
				CLANG_WARN_INT_CONVERSION = YES;
				CLANG_WARN_NON_LITERAL_NULL_CONVERSION = YES;
				CLANG_WARN_OBJC_IMPLICIT_RETAIN_SELF = YES;
				CLANG_WARN_OBJC_LITERAL_CONVERSION = YES;
				CLANG_WARN_OBJC_ROOT_CLASS = YES_ERROR;
				CLANG_WARN_RANGE_LOOP_ANALYSIS = YES;
				CLANG_WARN_STRICT_PROTOTYPES = YES;
				CLANG_WARN_SUSPICIOUS_MOVE = YES;
				CLANG_WARN_UNGUARDED_AVAILABILITY = YES_AGGRESSIVE;
				CLANG_WARN_UNREACHABLE_CODE = YES;
				CLANG_WARN__DUPLICATE_METHOD_MATCH = YES;
				COPY_PHASE_STRIP = NO;
				DEBUG_INFORMATION_FORMAT = "dwarf-with-dsym";
				ENABLE_NS_ASSERTIONS = NO;
				ENABLE_STRICT_OBJC_MSGSEND = YES;
				GCC_C_LANGUAGE_STANDARD = gnu11;
				GCC_NO_COMMON_BLOCKS = YES;
				GCC_WARN_64_TO_32_BIT_CONVERSION = YES;
				GCC_WARN_ABOUT_RETURN_TYPE = YES_ERROR;
				GCC_WARN_UNDECLARED_SELECTOR = YES;
				GCC_WARN_UNINITIALIZED_AUTOS = YES_AGGRESSIVE;
				GCC_WARN_UNUSED_FUNCTION = YES;
				GCC_WARN_UNUSED_VARIABLE = YES;
				IPHONEOS_DEPLOYMENT_TARGET = 13.5;
				MTL_ENABLE_DEBUG_INFO = NO;
				MTL_FAST_MATH = YES;
				SDKROOT = iphoneos;
				SWIFT_COMPILATION_MODE = wholemodule;
				SWIFT_OPTIMIZATION_LEVEL = "-O";
				VALIDATE_PRODUCT = YES;
			};
			name = Release;
		};
		6D869D67254E5B8600DB8B9B /* Debug */ = {
			isa = XCBuildConfiguration;
			buildSettings = {
				ASSETCATALOG_COMPILER_APPICON_NAME = AppIcon;
				CODE_SIGN_STYLE = Automatic;
				INFOPLIST_FILE = SecondKadaiAPP/Info.plist;
				LD_RUNPATH_SEARCH_PATHS = (
					"$(inherited)",
					"@executable_path/Frameworks",
				);
				PRODUCT_BUNDLE_IDENTIFIER = jp.techacademy.yasushi.iwata.SecondKadaiAPP;
				PRODUCT_NAME = "$(TARGET_NAME)";
				SWIFT_VERSION = 5.0;
				TARGETED_DEVICE_FAMILY = "1,2";
			};
			name = Debug;
		};
		6D869D68254E5B8600DB8B9B /* Release */ = {
			isa = XCBuildConfiguration;
			buildSettings = {
				ASSETCATALOG_COMPILER_APPICON_NAME = AppIcon;
				CODE_SIGN_STYLE = Automatic;
				INFOPLIST_FILE = SecondKadaiAPP/Info.plist;
				LD_RUNPATH_SEARCH_PATHS = (
					"$(inherited)",
					"@executable_path/Frameworks",
				);
				PRODUCT_BUNDLE_IDENTIFIER = jp.techacademy.yasushi.iwata.SecondKadaiAPP;
				PRODUCT_NAME = "$(TARGET_NAME)";
				SWIFT_VERSION = 5.0;
				TARGETED_DEVICE_FAMILY = "1,2";
			};
			name = Release;
		};
/* End XCBuildConfiguration section */

/* Begin XCConfigurationList section */
		6D869D4D254E5B8400DB8B9B /* Build configuration list for PBXProject "SecondKadaiAPP" */ = {
			isa = XCConfigurationList;
			buildConfigurations = (
				6D869D64254E5B8600DB8B9B /* Debug */,
				6D869D65254E5B8600DB8B9B /* Release */,
			);
			defaultConfigurationIsVisible = 0;
			defaultConfigurationName = Release;
		};
		6D869D66254E5B8600DB8B9B /* Build configuration list for PBXNativeTarget "SecondKadaiAPP" */ = {
			isa = XCConfigurationList;
			buildConfigurations = (
				6D869D67254E5B8600DB8B9B /* Debug */,
				6D869D68254E5B8600DB8B9B /* Release */,
			);
			defaultConfigurationIsVisible = 0;
			defaultConfigurationName = Release;
		};
/* End XCConfigurationList section */
	};
	rootObject = 6D869D4A254E5B8400DB8B9B /* Project object */;
}
